// !$*UTF8*$!
{
	archiveVersion = 1;
	classes = {
	};
	objectVersion = 55;
	objects = {

/* Begin PBXBuildFile section */
		516371CD28E23B1D00944ED2 /* LoadingView.swift in Sources */ = {isa = PBXBuildFile; fileRef = 516371CC28E23B1D00944ED2 /* LoadingView.swift */; };
		516371CF28E246AF00944ED2 /* CategoryPicker.swift in Sources */ = {isa = PBXBuildFile; fileRef = 516371CE28E246AF00944ED2 /* CategoryPicker.swift */; };
		516371D728E2E49D00944ED2 /* MyShopTests.swift in Sources */ = {isa = PBXBuildFile; fileRef = 516371D628E2E49D00944ED2 /* MyShopTests.swift */; };
		516371DE28E2F11500944ED2 /* ProductTests.swift in Sources */ = {isa = PBXBuildFile; fileRef = 516371DD28E2F11500944ED2 /* ProductTests.swift */; };
		516371E028E2F1B500944ED2 /* MockAPIServices.swift in Sources */ = {isa = PBXBuildFile; fileRef = 516371DF28E2F1B500944ED2 /* MockAPIServices.swift */; };
		516371E428E2F61300944ED2 /* ProductViewModel.swift in Sources */ = {isa = PBXBuildFile; fileRef = 51B4CFB428DD92AF00F2B36C /* ProductViewModel.swift */; };
		51B4CFA528DC7F0800F2B36C /* ProductItem.swift in Sources */ = {isa = PBXBuildFile; fileRef = 51B4CFA428DC7F0800F2B36C /* ProductItem.swift */; };
		51B4CFA728DC7F9100F2B36C /* LoadImage.swift in Sources */ = {isa = PBXBuildFile; fileRef = 51B4CFA628DC7F9100F2B36C /* LoadImage.swift */; };
		51B4CFA928DC97FF00F2B36C /* Extension.swift in Sources */ = {isa = PBXBuildFile; fileRef = 51B4CFA828DC97FF00F2B36C /* Extension.swift */; };
		51B4CFB128DCB0A600F2B36C /* products.json in Resources */ = {isa = PBXBuildFile; fileRef = 51B4CFB028DCB0A600F2B36C /* products.json */; };
		51B4CFB328DD1FB300F2B36C /* ProductList.swift in Sources */ = {isa = PBXBuildFile; fileRef = 51B4CFB228DD1FB300F2B36C /* ProductList.swift */; };
		51CF8D8028DE3B2A00B197EC /* ProductDetail.swift in Sources */ = {isa = PBXBuildFile; fileRef = 51CF8D7F28DE3B2A00B197EC /* ProductDetail.swift */; };
		51EBA60E28DB276D00BCB461 /* MyShopApp.swift in Sources */ = {isa = PBXBuildFile; fileRef = 51EBA60D28DB276D00BCB461 /* MyShopApp.swift */; };
		51EBA61028DB276D00BCB461 /* ContentView.swift in Sources */ = {isa = PBXBuildFile; fileRef = 51EBA60F28DB276D00BCB461 /* ContentView.swift */; };
		51EBA61228DB276F00BCB461 /* Assets.xcassets in Resources */ = {isa = PBXBuildFile; fileRef = 51EBA61128DB276F00BCB461 /* Assets.xcassets */; };
		51EBA61528DB276F00BCB461 /* Preview Assets.xcassets in Resources */ = {isa = PBXBuildFile; fileRef = 51EBA61428DB276F00BCB461 /* Preview Assets.xcassets */; };
		51EBA61C28DB2BA600BCB461 /* ProductModel.swift in Sources */ = {isa = PBXBuildFile; fileRef = 51EBA61B28DB2BA600BCB461 /* ProductModel.swift */; };
		51EBA61E28DB374200BCB461 /* Services.swift in Sources */ = {isa = PBXBuildFile; fileRef = 51EBA61D28DB374200BCB461 /* Services.swift */; };
		51FE61D028E4341A00D94B97 /* ReadMe in Resources */ = {isa = PBXBuildFile; fileRef = 51FE61CF28E4341A00D94B97 /* ReadMe */; };
/* End PBXBuildFile section */

/* Begin PBXContainerItemProxy section */
		516371D828E2E49D00944ED2 /* PBXContainerItemProxy */ = {
			isa = PBXContainerItemProxy;
			containerPortal = 51EBA60228DB276D00BCB461 /* Project object */;
			proxyType = 1;
			remoteGlobalIDString = 51EBA60928DB276D00BCB461;
			remoteInfo = MyShop;
		};
/* End PBXContainerItemProxy section */

/* Begin PBXFileReference section */
		516371CC28E23B1D00944ED2 /* LoadingView.swift */ = {isa = PBXFileReference; lastKnownFileType = sourcecode.swift; path = LoadingView.swift; sourceTree = "<group>"; };
		516371CE28E246AF00944ED2 /* CategoryPicker.swift */ = {isa = PBXFileReference; lastKnownFileType = sourcecode.swift; path = CategoryPicker.swift; sourceTree = "<group>"; };
		516371D428E2E49D00944ED2 /* MyShopTests.xctest */ = {isa = PBXFileReference; explicitFileType = wrapper.cfbundle; includeInIndex = 0; path = MyShopTests.xctest; sourceTree = BUILT_PRODUCTS_DIR; };
		516371D628E2E49D00944ED2 /* MyShopTests.swift */ = {isa = PBXFileReference; lastKnownFileType = sourcecode.swift; path = MyShopTests.swift; sourceTree = "<group>"; };
		516371DD28E2F11500944ED2 /* ProductTests.swift */ = {isa = PBXFileReference; lastKnownFileType = sourcecode.swift; path = ProductTests.swift; sourceTree = "<group>"; };
		516371DF28E2F1B500944ED2 /* MockAPIServices.swift */ = {isa = PBXFileReference; lastKnownFileType = sourcecode.swift; path = MockAPIServices.swift; sourceTree = "<group>"; };
		51B4CFA428DC7F0800F2B36C /* ProductItem.swift */ = {isa = PBXFileReference; lastKnownFileType = sourcecode.swift; path = ProductItem.swift; sourceTree = "<group>"; };
		51B4CFA628DC7F9100F2B36C /* LoadImage.swift */ = {isa = PBXFileReference; lastKnownFileType = sourcecode.swift; path = LoadImage.swift; sourceTree = "<group>"; };
		51B4CFA828DC97FF00F2B36C /* Extension.swift */ = {isa = PBXFileReference; lastKnownFileType = sourcecode.swift; path = Extension.swift; sourceTree = "<group>"; };
		51B4CFB028DCB0A600F2B36C /* products.json */ = {isa = PBXFileReference; lastKnownFileType = text.json; path = products.json; sourceTree = "<group>"; };
		51B4CFB228DD1FB300F2B36C /* ProductList.swift */ = {isa = PBXFileReference; lastKnownFileType = sourcecode.swift; path = ProductList.swift; sourceTree = "<group>"; };
		51B4CFB428DD92AF00F2B36C /* ProductViewModel.swift */ = {isa = PBXFileReference; lastKnownFileType = sourcecode.swift; path = ProductViewModel.swift; sourceTree = "<group>"; };
		51CF8D7F28DE3B2A00B197EC /* ProductDetail.swift */ = {isa = PBXFileReference; lastKnownFileType = sourcecode.swift; path = ProductDetail.swift; sourceTree = "<group>"; };
		51EBA60A28DB276D00BCB461 /* MyShop.app */ = {isa = PBXFileReference; explicitFileType = wrapper.application; includeInIndex = 0; path = MyShop.app; sourceTree = BUILT_PRODUCTS_DIR; };
		51EBA60D28DB276D00BCB461 /* MyShopApp.swift */ = {isa = PBXFileReference; lastKnownFileType = sourcecode.swift; path = MyShopApp.swift; sourceTree = "<group>"; };
		51EBA60F28DB276D00BCB461 /* ContentView.swift */ = {isa = PBXFileReference; lastKnownFileType = sourcecode.swift; path = ContentView.swift; sourceTree = "<group>"; };
		51EBA61128DB276F00BCB461 /* Assets.xcassets */ = {isa = PBXFileReference; lastKnownFileType = folder.assetcatalog; path = Assets.xcassets; sourceTree = "<group>"; };
		51EBA61428DB276F00BCB461 /* Preview Assets.xcassets */ = {isa = PBXFileReference; lastKnownFileType = folder.assetcatalog; path = "Preview Assets.xcassets"; sourceTree = "<group>"; };
		51EBA61B28DB2BA600BCB461 /* ProductModel.swift */ = {isa = PBXFileReference; lastKnownFileType = sourcecode.swift; path = ProductModel.swift; sourceTree = "<group>"; };
		51EBA61D28DB374200BCB461 /* Services.swift */ = {isa = PBXFileReference; lastKnownFileType = sourcecode.swift; path = Services.swift; sourceTree = "<group>"; };
		51FE61CF28E4341A00D94B97 /* ReadMe */ = {isa = PBXFileReference; lastKnownFileType = text; path = ReadMe; sourceTree = "<group>"; };
/* End PBXFileReference section */

/* Begin PBXFrameworksBuildPhase section */
		516371D128E2E49D00944ED2 /* Frameworks */ = {
			isa = PBXFrameworksBuildPhase;
			buildActionMask = 2147483647;
			files = (
			);
			runOnlyForDeploymentPostprocessing = 0;
		};
		51EBA60728DB276D00BCB461 /* Frameworks */ = {
			isa = PBXFrameworksBuildPhase;
			buildActionMask = 2147483647;
			files = (
			);
			runOnlyForDeploymentPostprocessing = 0;
		};
/* End PBXFrameworksBuildPhase section */

/* Begin PBXGroup section */
		516371D528E2E49D00944ED2 /* MyShopTests */ = {
			isa = PBXGroup;
			children = (
				516371D628E2E49D00944ED2 /* MyShopTests.swift */,
				516371DD28E2F11500944ED2 /* ProductTests.swift */,
				516371DF28E2F1B500944ED2 /* MockAPIServices.swift */,
			);
			path = MyShopTests;
			sourceTree = "<group>";
		};
		51EBA60128DB276D00BCB461 = {
			isa = PBXGroup;
			children = (
				51FE61CF28E4341A00D94B97 /* ReadMe */,
				51EBA60C28DB276D00BCB461 /* MyShop */,
				516371D528E2E49D00944ED2 /* MyShopTests */,
				51EBA60B28DB276D00BCB461 /* Products */,
			);
			sourceTree = "<group>";
		};
		51EBA60B28DB276D00BCB461 /* Products */ = {
			isa = PBXGroup;
			children = (
				51EBA60A28DB276D00BCB461 /* MyShop.app */,
				516371D428E2E49D00944ED2 /* MyShopTests.xctest */,
			);
			name = Products;
			sourceTree = "<group>";
		};
		51EBA60C28DB276D00BCB461 /* MyShop */ = {
			isa = PBXGroup;
			children = (
				51EBA60D28DB276D00BCB461 /* MyShopApp.swift */,
				51EBA60F28DB276D00BCB461 /* ContentView.swift */,
				51EBA61128DB276F00BCB461 /* Assets.xcassets */,
				51EBA61328DB276F00BCB461 /* Preview Content */,
				51FE61C828E42F1100D94B97 /* Model */,
				51FE61C928E42F2B00D94B97 /* View */,
				51FE61CA28E42F7B00D94B97 /* View Model */,
				51EBA61D28DB374200BCB461 /* Services.swift */,
				51B4CFA628DC7F9100F2B36C /* LoadImage.swift */,
				51B4CFA828DC97FF00F2B36C /* Extension.swift */,
				51B4CFB028DCB0A600F2B36C /* products.json */,
			);
			path = MyShop;
			sourceTree = "<group>";
		};
		51EBA61328DB276F00BCB461 /* Preview Content */ = {
			isa = PBXGroup;
			children = (
				51EBA61428DB276F00BCB461 /* Preview Assets.xcassets */,
			);
			path = "Preview Content";
			sourceTree = "<group>";
		};
		51FE61C828E42F1100D94B97 /* Model */ = {
			isa = PBXGroup;
			children = (
				51EBA61B28DB2BA600BCB461 /* ProductModel.swift */,
			);
			path = Model;
			sourceTree = "<group>";
		};
		51FE61C928E42F2B00D94B97 /* View */ = {
			isa = PBXGroup;
			children = (
				51B4CFA428DC7F0800F2B36C /* ProductItem.swift */,
				51B4CFB228DD1FB300F2B36C /* ProductList.swift */,
				516371CC28E23B1D00944ED2 /* LoadingView.swift */,
				516371CE28E246AF00944ED2 /* CategoryPicker.swift */,
				51CF8D7F28DE3B2A00B197EC /* ProductDetail.swift */,
			);
			path = View;
			sourceTree = "<group>";
		};
		51FE61CA28E42F7B00D94B97 /* View Model */ = {
			isa = PBXGroup;
			children = (
				51B4CFB428DD92AF00F2B36C /* ProductViewModel.swift */,
			);
			path = "View Model";
			sourceTree = "<group>";
		};
/* End PBXGroup section */

/* Begin PBXNativeTarget section */
		516371D328E2E49D00944ED2 /* MyShopTests */ = {
			isa = PBXNativeTarget;
			buildConfigurationList = 516371DA28E2E49D00944ED2 /* Build configuration list for PBXNativeTarget "MyShopTests" */;
			buildPhases = (
				516371D028E2E49D00944ED2 /* Sources */,
				516371D128E2E49D00944ED2 /* Frameworks */,
				516371D228E2E49D00944ED2 /* Resources */,
			);
			buildRules = (
			);
			dependencies = (
				516371D928E2E49D00944ED2 /* PBXTargetDependency */,
			);
			name = MyShopTests;
			productName = MyShopTests;
			productReference = 516371D428E2E49D00944ED2 /* MyShopTests.xctest */;
			productType = "com.apple.product-type.bundle.unit-test";
		};
		51EBA60928DB276D00BCB461 /* MyShop */ = {
			isa = PBXNativeTarget;
			buildConfigurationList = 51EBA61828DB276F00BCB461 /* Build configuration list for PBXNativeTarget "MyShop" */;
			buildPhases = (
				51EBA60628DB276D00BCB461 /* Sources */,
				51EBA60728DB276D00BCB461 /* Frameworks */,
				51EBA60828DB276D00BCB461 /* Resources */,
			);
			buildRules = (
			);
			dependencies = (
			);
			name = MyShop;
			productName = MyShop;
			productReference = 51EBA60A28DB276D00BCB461 /* MyShop.app */;
			productType = "com.apple.product-type.application";
		};
/* End PBXNativeTarget section */

/* Begin PBXProject section */
		51EBA60228DB276D00BCB461 /* Project object */ = {
			isa = PBXProject;
			attributes = {
				BuildIndependentTargetsInParallel = 1;
				LastSwiftUpdateCheck = 1340;
				LastUpgradeCheck = 1340;
				TargetAttributes = {
					516371D328E2E49D00944ED2 = {
						CreatedOnToolsVersion = 13.4.1;
						TestTargetID = 51EBA60928DB276D00BCB461;
					};
					51EBA60928DB276D00BCB461 = {
						CreatedOnToolsVersion = 13.4.1;
					};
				};
			};
			buildConfigurationList = 51EBA60528DB276D00BCB461 /* Build configuration list for PBXProject "MyShop" */;
			compatibilityVersion = "Xcode 13.0";
			developmentRegion = en;
			hasScannedForEncodings = 0;
			knownRegions = (
				en,
				Base,
			);
			mainGroup = 51EBA60128DB276D00BCB461;
			productRefGroup = 51EBA60B28DB276D00BCB461 /* Products */;
			projectDirPath = "";
			projectRoot = "";
			targets = (
				51EBA60928DB276D00BCB461 /* MyShop */,
				516371D328E2E49D00944ED2 /* MyShopTests */,
			);
		};
/* End PBXProject section */

/* Begin PBXResourcesBuildPhase section */
		516371D228E2E49D00944ED2 /* Resources */ = {
			isa = PBXResourcesBuildPhase;
			buildActionMask = 2147483647;
			files = (
			);
			runOnlyForDeploymentPostprocessing = 0;
		};
		51EBA60828DB276D00BCB461 /* Resources */ = {
			isa = PBXResourcesBuildPhase;
			buildActionMask = 2147483647;
			files = (
				51FE61D028E4341A00D94B97 /* ReadMe in Resources */,
				51B4CFB128DCB0A600F2B36C /* products.json in Resources */,
				51EBA61528DB276F00BCB461 /* Preview Assets.xcassets in Resources */,
				51EBA61228DB276F00BCB461 /* Assets.xcassets in Resources */,
			);
			runOnlyForDeploymentPostprocessing = 0;
		};
/* End PBXResourcesBuildPhase section */

/* Begin PBXSourcesBuildPhase section */
		516371D028E2E49D00944ED2 /* Sources */ = {
			isa = PBXSourcesBuildPhase;
			buildActionMask = 2147483647;
			files = (
				516371D728E2E49D00944ED2 /* MyShopTests.swift in Sources */,
				516371E028E2F1B500944ED2 /* MockAPIServices.swift in Sources */,
				516371DE28E2F11500944ED2 /* ProductTests.swift in Sources */,
			);
			runOnlyForDeploymentPostprocessing = 0;
		};
		51EBA60628DB276D00BCB461 /* Sources */ = {
			isa = PBXSourcesBuildPhase;
			buildActionMask = 2147483647;
			files = (
				51EBA61028DB276D00BCB461 /* ContentView.swift in Sources */,
				51B4CFB328DD1FB300F2B36C /* ProductList.swift in Sources */,
				516371E428E2F61300944ED2 /* ProductViewModel.swift in Sources */,
				51EBA61E28DB374200BCB461 /* Services.swift in Sources */,
				516371CD28E23B1D00944ED2 /* LoadingView.swift in Sources */,
				51B4CFA928DC97FF00F2B36C /* Extension.swift in Sources */,
				51B4CFA528DC7F0800F2B36C /* ProductItem.swift in Sources */,
				51CF8D8028DE3B2A00B197EC /* ProductDetail.swift in Sources */,
				51B4CFA728DC7F9100F2B36C /* LoadImage.swift in Sources */,
				51EBA61C28DB2BA600BCB461 /* ProductModel.swift in Sources */,
				51EBA60E28DB276D00BCB461 /* MyShopApp.swift in Sources */,
				516371CF28E246AF00944ED2 /* CategoryPicker.swift in Sources */,
			);
			runOnlyForDeploymentPostprocessing = 0;
		};
/* End PBXSourcesBuildPhase section */

/* Begin PBXTargetDependency section */
		516371D928E2E49D00944ED2 /* PBXTargetDependency */ = {
			isa = PBXTargetDependency;
			target = 51EBA60928DB276D00BCB461 /* MyShop */;
			targetProxy = 516371D828E2E49D00944ED2 /* PBXContainerItemProxy */;
		};
/* End PBXTargetDependency section */

/* Begin XCBuildConfiguration section */
		516371DB28E2E49D00944ED2 /* Debug */ = {
			isa = XCBuildConfiguration;
			buildSettings = {
				BUNDLE_LOADER = "$(TEST_HOST)";
				CODE_SIGN_STYLE = Automatic;
				CURRENT_PROJECT_VERSION = 1;
				DEVELOPMENT_TEAM = Z38TVJ88W4;
				GENERATE_INFOPLIST_FILE = YES;
				MARKETING_VERSION = 1.0;
				PRODUCT_BUNDLE_IDENTIFIER = com.farendza.academy.MyShopTests;
				PRODUCT_NAME = "$(TARGET_NAME)";
				SWIFT_EMIT_LOC_STRINGS = NO;
				SWIFT_VERSION = 5.0;
				TARGETED_DEVICE_FAMILY = "1,2";
				TEST_HOST = "$(BUILT_PRODUCTS_DIR)/MyShop.app/MyShop";
			};
			name = Debug;
		};
		516371DC28E2E49D00944ED2 /* Release */ = {
			isa = XCBuildConfiguration;
			buildSettings = {
				BUNDLE_LOADER = "$(TEST_HOST)";
				CODE_SIGN_STYLE = Automatic;
				CURRENT_PROJECT_VERSION = 1;
				DEVELOPMENT_TEAM = Z38TVJ88W4;
				GENERATE_INFOPLIST_FILE = YES;
				MARKETING_VERSION = 1.0;
				PRODUCT_BUNDLE_IDENTIFIER = com.farendza.academy.MyShopTests;
				PRODUCT_NAME = "$(TARGET_NAME)";
				SWIFT_EMIT_LOC_STRINGS = NO;
				SWIFT_VERSION = 5.0;
				TARGETED_DEVICE_FAMILY = "1,2";
				TEST_HOST = "$(BUILT_PRODUCTS_DIR)/MyShop.app/MyShop";
			};
			name = Release;
		};
		51EBA61628DB276F00BCB461 /* Debug */ = {
			isa = XCBuildConfiguration;
			buildSettings = {
				ALWAYS_SEARCH_USER_PATHS = NO;
				CLANG_ANALYZER_NONNULL = YES;
				CLANG_ANALYZER_NUMBER_OBJECT_CONVERSION = YES_AGGRESSIVE;
				CLANG_CXX_LANGUAGE_STANDARD = "gnu++17";
				CLANG_ENABLE_MODULES = YES;
				CLANG_ENABLE_OBJC_ARC = YES;
				CLANG_ENABLE_OBJC_WEAK = YES;
				CLANG_WARN_BLOCK_CAPTURE_AUTORELEASING = YES;
				CLANG_WARN_BOOL_CONVERSION = YES;
				CLANG_WARN_COMMA = YES;
				CLANG_WARN_CONSTANT_CONVERSION = YES;
				CLANG_WARN_DEPRECATED_OBJC_IMPLEMENTATIONS = YES;
				CLANG_WARN_DIRECT_OBJC_ISA_USAGE = YES_ERROR;
				CLANG_WARN_DOCUMENTATION_COMMENTS = YES;
				CLANG_WARN_EMPTY_BODY = YES;
				CLANG_WARN_ENUM_CONVERSION = YES;
				CLANG_WARN_INFINITE_RECURSION = YES;
				CLANG_WARN_INT_CONVERSION = YES;
				CLANG_WARN_NON_LITERAL_NULL_CONVERSION = YES;
				CLANG_WARN_OBJC_IMPLICIT_RETAIN_SELF = YES;
				CLANG_WARN_OBJC_LITERAL_CONVERSION = YES;
				CLANG_WARN_OBJC_ROOT_CLASS = YES_ERROR;
				CLANG_WARN_QUOTED_INCLUDE_IN_FRAMEWORK_HEADER = YES;
				CLANG_WARN_RANGE_LOOP_ANALYSIS = YES;
				CLANG_WARN_STRICT_PROTOTYPES = YES;
				CLANG_WARN_SUSPICIOUS_MOVE = YES;
				CLANG_WARN_UNGUARDED_AVAILABILITY = YES_AGGRESSIVE;
				CLANG_WARN_UNREACHABLE_CODE = YES;
				CLANG_WARN__DUPLICATE_METHOD_MATCH = YES;
				COPY_PHASE_STRIP = NO;
				DEBUG_INFORMATION_FORMAT = dwarf;
				ENABLE_STRICT_OBJC_MSGSEND = YES;
				ENABLE_TESTABILITY = YES;
				GCC_C_LANGUAGE_STANDARD = gnu11;
				GCC_DYNAMIC_NO_PIC = NO;
				GCC_NO_COMMON_BLOCKS = YES;
				GCC_OPTIMIZATION_LEVEL = 0;
				GCC_PREPROCESSOR_DEFINITIONS = (
					"DEBUG=1",
					"$(inherited)",
				);
				GCC_WARN_64_TO_32_BIT_CONVERSION = YES;
				GCC_WARN_ABOUT_RETURN_TYPE = YES_ERROR;
				GCC_WARN_UNDECLARED_SELECTOR = YES;
				GCC_WARN_UNINITIALIZED_AUTOS = YES_AGGRESSIVE;
				GCC_WARN_UNUSED_FUNCTION = YES;
				GCC_WARN_UNUSED_VARIABLE = YES;
				IPHONEOS_DEPLOYMENT_TARGET = 15.5;
				MTL_ENABLE_DEBUG_INFO = INCLUDE_SOURCE;
				MTL_FAST_MATH = YES;
				ONLY_ACTIVE_ARCH = YES;
				SDKROOT = iphoneos;
				SWIFT_ACTIVE_COMPILATION_CONDITIONS = DEBUG;
				SWIFT_OPTIMIZATION_LEVEL = "-Onone";
			};
			name = Debug;
		};
		51EBA61728DB276F00BCB461 /* Release */ = {
			isa = XCBuildConfiguration;
			buildSettings = {
				ALWAYS_SEARCH_USER_PATHS = NO;
				CLANG_ANALYZER_NONNULL = YES;
				CLANG_ANALYZER_NUMBER_OBJECT_CONVERSION = YES_AGGRESSIVE;
				CLANG_CXX_LANGUAGE_STANDARD = "gnu++17";
				CLANG_ENABLE_MODULES = YES;
				CLANG_ENABLE_OBJC_ARC = YES;
				CLANG_ENABLE_OBJC_WEAK = YES;
				CLANG_WARN_BLOCK_CAPTURE_AUTORELEASING = YES;
				CLANG_WARN_BOOL_CONVERSION = YES;
				CLANG_WARN_COMMA = YES;
				CLANG_WARN_CONSTANT_CONVERSION = YES;
				CLANG_WARN_DEPRECATED_OBJC_IMPLEMENTATIONS = YES;
				CLANG_WARN_DIRECT_OBJC_ISA_USAGE = YES_ERROR;
				CLANG_WARN_DOCUMENTATION_COMMENTS = YES;
				CLANG_WARN_EMPTY_BODY = YES;
				CLANG_WARN_ENUM_CONVERSION = YES;
				CLANG_WARN_INFINITE_RECURSION = YES;
				CLANG_WARN_INT_CONVERSION = YES;
				CLANG_WARN_NON_LITERAL_NULL_CONVERSION = YES;
				CLANG_WARN_OBJC_IMPLICIT_RETAIN_SELF = YES;
				CLANG_WARN_OBJC_LITERAL_CONVERSION = YES;
				CLANG_WARN_OBJC_ROOT_CLASS = YES_ERROR;
				CLANG_WARN_QUOTED_INCLUDE_IN_FRAMEWORK_HEADER = YES;
				CLANG_WARN_RANGE_LOOP_ANALYSIS = YES;
				CLANG_WARN_STRICT_PROTOTYPES = YES;
				CLANG_WARN_SUSPICIOUS_MOVE = YES;
				CLANG_WARN_UNGUARDED_AVAILABILITY = YES_AGGRESSIVE;
				CLANG_WARN_UNREACHABLE_CODE = YES;
				CLANG_WARN__DUPLICATE_METHOD_MATCH = YES;
				COPY_PHASE_STRIP = NO;
				DEBUG_INFORMATION_FORMAT = "dwarf-with-dsym";
				ENABLE_NS_ASSERTIONS = NO;
				ENABLE_STRICT_OBJC_MSGSEND = YES;
				GCC_C_LANGUAGE_STANDARD = gnu11;
				GCC_NO_COMMON_BLOCKS = YES;
				GCC_WARN_64_TO_32_BIT_CONVERSION = YES;
				GCC_WARN_ABOUT_RETURN_TYPE = YES_ERROR;
				GCC_WARN_UNDECLARED_SELECTOR = YES;
				GCC_WARN_UNINITIALIZED_AUTOS = YES_AGGRESSIVE;
				GCC_WARN_UNUSED_FUNCTION = YES;
				GCC_WARN_UNUSED_VARIABLE = YES;
				IPHONEOS_DEPLOYMENT_TARGET = 15.5;
				MTL_ENABLE_DEBUG_INFO = NO;
				MTL_FAST_MATH = YES;
				SDKROOT = iphoneos;
				SWIFT_COMPILATION_MODE = wholemodule;
				SWIFT_OPTIMIZATION_LEVEL = "-O";
				VALIDATE_PRODUCT = YES;
			};
			name = Release;
		};
		51EBA61928DB276F00BCB461 /* Debug */ = {
			isa = XCBuildConfiguration;
			buildSettings = {
				ASSETCATALOG_COMPILER_APPICON_NAME = AppIcon;
				ASSETCATALOG_COMPILER_GLOBAL_ACCENT_COLOR_NAME = AccentColor;
				CODE_SIGN_STYLE = Automatic;
				CURRENT_PROJECT_VERSION = 1;
				DEVELOPMENT_ASSET_PATHS = "\"MyShop/Preview Content\"";
				DEVELOPMENT_TEAM = Z38TVJ88W4;
				ENABLE_PREVIEWS = YES;
				GENERATE_INFOPLIST_FILE = YES;
				INFOPLIST_KEY_UIApplicationSceneManifest_Generation = YES;
				INFOPLIST_KEY_UIApplicationSupportsIndirectInputEvents = YES;
				INFOPLIST_KEY_UILaunchScreen_Generation = YES;
				INFOPLIST_KEY_UISupportedInterfaceOrientations_iPad = "UIInterfaceOrientationPortrait UIInterfaceOrientationPortraitUpsideDown UIInterfaceOrientationLandscapeLeft UIInterfaceOrientationLandscapeRight";
				INFOPLIST_KEY_UISupportedInterfaceOrientations_iPhone = "UIInterfaceOrientationPortrait UIInterfaceOrientationLandscapeLeft UIInterfaceOrientationLandscapeRight";
				LD_RUNPATH_SEARCH_PATHS = (
					"$(inherited)",
					"@executable_path/Frameworks",
				);
				MARKETING_VERSION = 1.0;
				PRODUCT_BUNDLE_IDENTIFIER = com.farendza.academy.MyShop;
				PRODUCT_NAME = "$(TARGET_NAME)";
				SWIFT_EMIT_LOC_STRINGS = YES;
				SWIFT_VERSION = 5.0;
				TARGETED_DEVICE_FAMILY = "1,2";
			};
			name = Debug;
		};
		51EBA61A28DB276F00BCB461 /* Release */ = {
			isa = XCBuildConfiguration;
			buildSettings = {
				ASSETCATALOG_COMPILER_APPICON_NAME = AppIcon;
				ASSETCATALOG_COMPILER_GLOBAL_ACCENT_COLOR_NAME = AccentColor;
				CODE_SIGN_STYLE = Automatic;
				CURRENT_PROJECT_VERSION = 1;
				DEVELOPMENT_ASSET_PATHS = "\"MyShop/Preview Content\"";
				DEVELOPMENT_TEAM = Z38TVJ88W4;
				ENABLE_PREVIEWS = YES;
				GENERATE_INFOPLIST_FILE = YES;
				INFOPLIST_KEY_UIApplicationSceneManifest_Generation = YES;
				INFOPLIST_KEY_UIApplicationSupportsIndirectInputEvents = YES;
				INFOPLIST_KEY_UILaunchScreen_Generation = YES;
				INFOPLIST_KEY_UISupportedInterfaceOrientations_iPad = "UIInterfaceOrientationPortrait UIInterfaceOrientationPortraitUpsideDown UIInterfaceOrientationLandscapeLeft UIInterfaceOrientationLandscapeRight";
				INFOPLIST_KEY_UISupportedInterfaceOrientations_iPhone = "UIInterfaceOrientationPortrait UIInterfaceOrientationLandscapeLeft UIInterfaceOrientationLandscapeRight";
				LD_RUNPATH_SEARCH_PATHS = (
					"$(inherited)",
					"@executable_path/Frameworks",
				);
				MARKETING_VERSION = 1.0;
				PRODUCT_BUNDLE_IDENTIFIER = com.farendza.academy.MyShop;
				PRODUCT_NAME = "$(TARGET_NAME)";
				SWIFT_EMIT_LOC_STRINGS = YES;
				SWIFT_VERSION = 5.0;
				TARGETED_DEVICE_FAMILY = "1,2";
			};
			name = Release;
		};
/* End XCBuildConfiguration section */

/* Begin XCConfigurationList section */
		516371DA28E2E49D00944ED2 /* Build configuration list for PBXNativeTarget "MyShopTests" */ = {
			isa = XCConfigurationList;
			buildConfigurations = (
				516371DB28E2E49D00944ED2 /* Debug */,
				516371DC28E2E49D00944ED2 /* Release */,
			);
			defaultConfigurationIsVisible = 0;
			defaultConfigurationName = Release;
		};
		51EBA60528DB276D00BCB461 /* Build configuration list for PBXProject "MyShop" */ = {
			isa = XCConfigurationList;
			buildConfigurations = (
				51EBA61628DB276F00BCB461 /* Debug */,
				51EBA61728DB276F00BCB461 /* Release */,
			);
			defaultConfigurationIsVisible = 0;
			defaultConfigurationName = Release;
		};
		51EBA61828DB276F00BCB461 /* Build configuration list for PBXNativeTarget "MyShop" */ = {
			isa = XCConfigurationList;
			buildConfigurations = (
				51EBA61928DB276F00BCB461 /* Debug */,
				51EBA61A28DB276F00BCB461 /* Release */,
			);
			defaultConfigurationIsVisible = 0;
			defaultConfigurationName = Release;
		};
/* End XCConfigurationList section */
	};
	rootObject = 51EBA60228DB276D00BCB461 /* Project object */;
}
